
Microsoft Visual Studio Solution File, Format Version 12.00
# Visual Studio Version 17
VisualStudioVersion = 17.14.36203.30 d17.14
MinimumVisualStudioVersion = 10.0.40219.1
Project("{2150E333-8FDC-42A3-9474-1A3956D46DE8}") = "Backend", "Backend", "{02EA681E-C7D8-13C7-8484-4AC65E1B71E8}"
EndProject
Project("{2150E333-8FDC-42A3-9474-1A3956D46DE8}") = "Frontend", "Frontend", "{2041431F-9BCD-483F-B65C-8D70F15D0FF7}"
EndProject
Project("{FAE04EC0-301F-11D3-BF4B-00C04F79EFBC}") = "TravelGlobe.Domain", "TravelGlobe.Domain\TravelGlobe.Domain.csproj", "{52A82D02-6E43-44F3-A0B2-6F8E02ECD790}"
EndProject
Project("{FAE04EC0-301F-11D3-BF4B-00C04F79EFBC}") = "TravelGlobe.Application", "TravelGlobe.Application\TravelGlobe.Application.csproj", "{49DE7742-8FBF-4A10-A36A-1BF0F5BBAA22}"
EndProject
Project("{FAE04EC0-301F-11D3-BF4B-00C04F79EFBC}") = "TravelGlobe.Infrastructure", "TravelGlobe.Infrastructure\TravelGlobe.Infrastructure.csproj", "{3A765300-C0CB-41F6-BCC9-E9C5513D4D3C}"
EndProject
Project("{FAE04EC0-301F-11D3-BF4B-00C04F79EFBC}") = "TravelGlobe.MobileApp", "TravelGlobe.MobileApp\TravelGlobe.MobileApp.csproj", "{AB2BBC55-BE88-403B-9E2B-949900313C56}"
EndProject
Global
	GlobalSection(SolutionConfigurationPlatforms) = preSolution
		Debug|Any CPU = Debug|Any CPU
		Release|Any CPU = Release|Any CPU
	EndGlobalSection
	GlobalSection(ProjectConfigurationPlatforms) = postSolution
		{52A82D02-6E43-44F3-A0B2-6F8E02ECD790}.Debug|Any CPU.ActiveCfg = Debug|Any CPU
		{52A82D02-6E43-44F3-A0B2-6F8E02ECD790}.Debug|Any CPU.Build.0 = Debug|Any CPU
		{52A82D02-6E43-44F3-A0B2-6F8E02ECD790}.Release|Any CPU.ActiveCfg = Release|Any CPU
		{52A82D02-6E43-44F3-A0B2-6F8E02ECD790}.Release|Any CPU.Build.0 = Release|Any CPU
		{49DE7742-8FBF-4A10-A36A-1BF0F5BBAA22}.Debug|Any CPU.ActiveCfg = Debug|Any CPU
		{49DE7742-8FBF-4A10-A36A-1BF0F5BBAA22}.Debug|Any CPU.Build.0 = Debug|Any CPU
		{49DE7742-8FBF-4A10-A36A-1BF0F5BBAA22}.Release|Any CPU.ActiveCfg = Release|Any CPU
		{49DE7742-8FBF-4A10-A36A-1BF0F5BBAA22}.Release|Any CPU.Build.0 = Release|Any CPU
		{3A765300-C0CB-41F6-BCC9-E9C5513D4D3C}.Debug|Any CPU.ActiveCfg = Debug|Any CPU
		{3A765300-C0CB-41F6-BCC9-E9C5513D4D3C}.Debug|Any CPU.Build.0 = Debug|Any CPU
		{3A765300-C0CB-41F6-BCC9-E9C5513D4D3C}.Release|Any CPU.ActiveCfg = Release|Any CPU
		{3A765300-C0CB-41F6-BCC9-E9C5513D4D3C}.Release|Any CPU.Build.0 = Release|Any CPU
		{AB2BBC55-BE88-403B-9E2B-949900313C56}.Debug|Any CPU.ActiveCfg = Debug|Any CPU
		{AB2BBC55-BE88-403B-9E2B-949900313C56}.Debug|Any CPU.Build.0 = Debug|Any CPU
		{AB2BBC55-BE88-403B-9E2B-949900313C56}.Debug|Any CPU.Deploy.0 = Debug|Any CPU
		{AB2BBC55-BE88-403B-9E2B-949900313C56}.Release|Any CPU.ActiveCfg = Release|Any CPU
		{AB2BBC55-BE88-403B-9E2B-949900313C56}.Release|Any CPU.Build.0 = Release|Any CPU
		{AB2BBC55-BE88-403B-9E2B-949900313C56}.Release|Any CPU.Deploy.0 = Release|Any CPU
	EndGlobalSection
	GlobalSection(SolutionProperties) = preSolution
		HideSolutionNode = FALSE
	EndGlobalSection
	GlobalSection(NestedProjects) = preSolution
		{52A82D02-6E43-44F3-A0B2-6F8E02ECD790} = {02EA681E-C7D8-13C7-8484-4AC65E1B71E8}
		{49DE7742-8FBF-4A10-A36A-1BF0F5BBAA22} = {02EA681E-C7D8-13C7-8484-4AC65E1B71E8}
		{3A765300-C0CB-41F6-BCC9-E9C5513D4D3C} = {02EA681E-C7D8-13C7-8484-4AC65E1B71E8}
		{AB2BBC55-BE88-403B-9E2B-949900313C56} = {2041431F-9BCD-483F-B65C-8D70F15D0FF7}
	EndGlobalSection
	GlobalSection(ExtensibilityGlobals) = postSolution
		SolutionGuid = {AA5773AB-C30C-4532-8086-9029C4606DF3}
	EndGlobalSection
EndGlobal
